
Microsoft Visual Studio Solution File, Format Version 12.00
# Visual Studio 15
VisualStudioVersion = 15.0.28307.168
MinimumVisualStudioVersion = 10.0.40219.1
Project("{FAE04EC0-301F-11D3-BF4B-00C04F79EFBC}") = "PartyInvite", "PartyInvite\PartyInvite.csproj", "{FE686B8A-7CED-447D-95B9-38892AE77A70}"
EndProject
Project("{FAE04EC0-301F-11D3-BF4B-00C04F79EFBC}") = "PartyInvite.Tests", "PartyInvite.Tests\PartyInvite.Tests.csproj", "{2466ACFD-18C2-42AC-A02D-594AA24D0D6C}"
EndProject
Global
	GlobalSection(SolutionConfigurationPlatforms) = preSolution
		Debug|Any CPU = Debug|Any CPU
		Release|Any CPU = Release|Any CPU
	EndGlobalSection
	GlobalSection(ProjectConfigurationPlatforms) = postSolution
		{FE686B8A-7CED-447D-95B9-38892AE77A70}.Debug|Any CPU.ActiveCfg = Debug|Any CPU
		{FE686B8A-7CED-447D-95B9-38892AE77A70}.Debug|Any CPU.Build.0 = Debug|Any CPU
		{FE686B8A-7CED-447D-95B9-38892AE77A70}.Release|Any CPU.ActiveCfg = Release|Any CPU
		{FE686B8A-7CED-447D-95B9-38892AE77A70}.Release|Any CPU.Build.0 = Release|Any CPU
		{2466ACFD-18C2-42AC-A02D-594AA24D0D6C}.Debug|Any CPU.ActiveCfg = Debug|Any CPU
		{2466ACFD-18C2-42AC-A02D-594AA24D0D6C}.Debug|Any CPU.Build.0 = Debug|Any CPU
		{2466ACFD-18C2-42AC-A02D-594AA24D0D6C}.Release|Any CPU.ActiveCfg = Release|Any CPU
		{2466ACFD-18C2-42AC-A02D-594AA24D0D6C}.Release|Any CPU.Build.0 = Release|Any CPU
	EndGlobalSection
	GlobalSection(SolutionProperties) = preSolution
		HideSolutionNode = FALSE
	EndGlobalSection
	GlobalSection(ExtensibilityGlobals) = postSolution
		SolutionGuid = {242C3B17-AA7C-4CC7-8138-DA000A449AD5}
	EndGlobalSection
EndGlobal
